{
   "name": "enmity-dumper",
   "version": "1.0.0",
   "lockfileVersion": 2,
   "requires": true,
   "packages": {
      "": {
         "name": "enmity-dumper",
         "version": "1.0.0",
         "license": "Unlicensed",
         "dependencies": {
            "websocketserver": "^1.0.0",
            "ws": "^8.8.1"
         },
         "devDependencies": {
            "@types/ws": "^8.5.3"
         }
      },
      "node_modules/@types/node": {
         "version": "18.7.13",
         "resolved": "https://registry.npmjs.org/@types/node/-/node-18.7.13.tgz",
         "integrity": "sha512-46yIhxSe5xEaJZXWdIBP7GU4HDTG8/eo0qd9atdiL+lFpA03y8KS+lkTN834TWJj5767GbWv4n/P6efyTFt1Dw==",
         "dev": true
      },
      "node_modules/@types/ws": {
         "version": "8.5.3",
         "resolved": "https://registry.npmjs.org/@types/ws/-/ws-8.5.3.tgz",
         "integrity": "sha512-6YOoWjruKj1uLf3INHH7D3qTXwFfEsg1kf3c0uDdSBJwfa/llkwIjrAGV7j7mVgGNbzTQ3HiHKKDXl6bJPD97w==",
         "dev": true,
         "dependencies": {
            "@types/node": "*"
         }
      },
      "node_modules/websocketserver": {
         "version": "1.0.0",
         "resolved": "https://registry.npmjs.org/websocketserver/-/websocketserver-1.0.0.tgz",
         "integrity": "sha512-fo4odsiROcfpcJ1ygO5Z3TQF1spMkEAE1BgdHd96OGN5tNlHysyzgJkh+ra52Pe+0iDH8rlkpAFY0oZJUrhzTg==",
         "bin": {
            "WebSocketServer": "index.js"
         }
      },
      "node_modules/ws": {
         "version": "8.8.1",
         "resolved": "https://registry.npmjs.org/ws/-/ws-8.8.1.tgz",
         "integrity": "sha512-bGy2JzvzkPowEJV++hF07hAD6niYSr0JzBNo/J29WsB57A2r7Wlc1UFcTR9IzrPvuNVO4B8LGqF8qcpsVOhJCA==",
         "engines": {
            "node": ">=10.0.0"
         },
         "peerDependencies": {
            "bufferutil": "^4.0.1",
            "utf-8-validate": "^5.0.2"
         },
         "peerDependenciesMeta": {
            "bufferutil": {
               "optional": true
            },
            "utf-8-validate": {
               "optional": true
            }
         }
      }
   },
   "dependencies": {
      "@types/node": {
         "version": "18.7.13",
         "resolved": "https://registry.npmjs.org/@types/node/-/node-18.7.13.tgz",
         "integrity": "sha512-46yIhxSe5xEaJZXWdIBP7GU4HDTG8/eo0qd9atdiL+lFpA03y8KS+lkTN834TWJj5767GbWv4n/P6efyTFt1Dw==",
         "dev": true
      },
      "@types/ws": {
         "version": "8.5.3",
         "resolved": "https://registry.npmjs.org/@types/ws/-/ws-8.5.3.tgz",
         "integrity": "sha512-6YOoWjruKj1uLf3INHH7D3qTXwFfEsg1kf3c0uDdSBJwfa/llkwIjrAGV7j7mVgGNbzTQ3HiHKKDXl6bJPD97w==",
         "dev": true,
         "requires": {
            "@types/node": "*"
         }
      },
      "websocketserver": {
         "version": "1.0.0",
         "resolved": "https://registry.npmjs.org/websocketserver/-/websocketserver-1.0.0.tgz",
         "integrity": "sha512-fo4odsiROcfpcJ1ygO5Z3TQF1spMkEAE1BgdHd96OGN5tNlHysyzgJkh+ra52Pe+0iDH8rlkpAFY0oZJUrhzTg=="
      },
      "ws": {
         "version": "8.8.1",
         "resolved": "https://registry.npmjs.org/ws/-/ws-8.8.1.tgz",
         "integrity": "sha512-bGy2JzvzkPowEJV++hF07hAD6niYSr0JzBNo/J29WsB57A2r7Wlc1UFcTR9IzrPvuNVO4B8LGqF8qcpsVOhJCA==",
         "requires": {}
      }
   }
}
